
Microsoft Visual Studio Solution File, Format Version 12.00
# Visual Studio Version 17
VisualStudioVersion = 17.7.34031.279
MinimumVisualStudioVersion = 10.0.40219.1
Project("{FAE04EC0-301F-11D3-BF4B-00C04F79EFBC}") = "Wpf_exam", "Wpf_exam.csproj", "{8F5E356C-15BD-48DC-9399-5B9EC95D6FE7}"
EndProject
Global
	GlobalSection(SolutionConfigurationPlatforms) = preSolution
		Debug|Any CPU = Debug|Any CPU
		Release|Any CPU = Release|Any CPU
	EndGlobalSection
	GlobalSection(ProjectConfigurationPlatforms) = postSolution
		{8F5E356C-15BD-48DC-9399-5B9EC95D6FE7}.Debug|Any CPU.ActiveCfg = Debug|Any CPU
		{8F5E356C-15BD-48DC-9399-5B9EC95D6FE7}.Debug|Any CPU.Build.0 = Debug|Any CPU
		{8F5E356C-15BD-48DC-9399-5B9EC95D6FE7}.Release|Any CPU.ActiveCfg = Release|Any CPU
		{8F5E356C-15BD-48DC-9399-5B9EC95D6FE7}.Release|Any CPU.Build.0 = Release|Any CPU
	EndGlobalSection
	GlobalSection(SolutionProperties) = preSolution
		HideSolutionNode = FALSE
	EndGlobalSection
	GlobalSection(ExtensibilityGlobals) = postSolution
		SolutionGuid = {BBD982B6-01CA-4666-A86E-B0E8D3AEB754}
	EndGlobalSection
EndGlobal
